
Microsoft Visual Studio Solution File, Format Version 12.00
# Visual Studio Version 16
VisualStudioVersion = 16.0.31911.196
MinimumVisualStudioVersion = 10.0.40219.1
Project("{FAE04EC0-301F-11D3-BF4B-00C04F79EFBC}") = "PruebaDeControles", "PruebaDeControles\PruebaDeControles.csproj", "{3FFCD99B-F636-4B4B-9345-F013D9173198}"
EndProject
Project("{FAE04EC0-301F-11D3-BF4B-00C04F79EFBC}") = "MisControles", "MisControles\MisControles.csproj", "{5CCDED2A-561D-41E7-B911-05B58699B64F}"
EndProject
Global
	GlobalSection(SolutionConfigurationPlatforms) = preSolution
		Debug|Any CPU = Debug|Any CPU
		Release|Any CPU = Release|Any CPU
	EndGlobalSection
	GlobalSection(ProjectConfigurationPlatforms) = postSolution
		{3FFCD99B-F636-4B4B-9345-F013D9173198}.Debug|Any CPU.ActiveCfg = Debug|Any CPU
		{3FFCD99B-F636-4B4B-9345-F013D9173198}.Debug|Any CPU.Build.0 = Debug|Any CPU
		{3FFCD99B-F636-4B4B-9345-F013D9173198}.Release|Any CPU.ActiveCfg = Release|Any CPU
		{3FFCD99B-F636-4B4B-9345-F013D9173198}.Release|Any CPU.Build.0 = Release|Any CPU
		{5CCDED2A-561D-41E7-B911-05B58699B64F}.Debug|Any CPU.ActiveCfg = Debug|Any CPU
		{5CCDED2A-561D-41E7-B911-05B58699B64F}.Debug|Any CPU.Build.0 = Debug|Any CPU
		{5CCDED2A-561D-41E7-B911-05B58699B64F}.Release|Any CPU.ActiveCfg = Release|Any CPU
		{5CCDED2A-561D-41E7-B911-05B58699B64F}.Release|Any CPU.Build.0 = Release|Any CPU
	EndGlobalSection
	GlobalSection(SolutionProperties) = preSolution
		HideSolutionNode = FALSE
	EndGlobalSection
	GlobalSection(ExtensibilityGlobals) = postSolution
		SolutionGuid = {81B80C3B-3461-4977-91BE-1EEF9A6D1245}
	EndGlobalSection
EndGlobal
